%{"calc_p_server": {:git, "https://github.com/M-atilda/pressure_calculator.git", "c9367b5d1c88f169d4e436c8f53a6309dcfdc0b2", [branch: "plane_tuning"]},
  "calc_v_server": {:git, "https://github.com/M-atilda/velocity_calculator.git", "249233e998d34c40e0222e5c19993c2847bc5feb", [branch: "plane_tuning"]}}
