%{"calc_p_server": {:git, "https://github.com/M-atilda/pressure_calculator.git", "b4e088944ea295bccdfc58b145025a7fd9176b2d", [branch: "plane_tuning"]},
  "calc_v_server": {:git, "https://github.com/M-atilda/velocity_calculator.git", "7839aeb5f019cbf344b5bd6de0d7fa20dd82d09a", [branch: "plane_tuning"]}}
